PODS:
  - Leanplum-iOS-SDK (2.2.0)

DEPENDENCIES:
  - Leanplum-iOS-SDK

SPEC REPOS:
  https://github.com/cocoapods/specs.git:
    - Leanplum-iOS-SDK

SPEC CHECKSUMS:
  Leanplum-iOS-SDK: d74a35352c1f5e634f49cbfa17cc44390d01b425

PODFILE CHECKSUM: cc29657f7ef892c84dd42432abdec9733ac6a2d3

COCOAPODS: 1.5.3
